
Microsoft Visual Studio Solution File, Format Version 12.00
# Visual Studio 14
VisualStudioVersion = 14.0.23107.0
MinimumVisualStudioVersion = 10.0.40219.1
Project("{FAE04EC0-301F-11D3-BF4B-00C04F79EFBC}") = "MVCPeoplePicker", "MVCPeoplePicker\MVCPeoplePicker.csproj", "{1AF4A455-045E-4C25-A4DB-C1A2D60F9514}"
EndProject
Project("{FAE04EC0-301F-11D3-BF4B-00C04F79EFBC}") = "MVCPeoplePickerWeb", "MVCPeoplePickerWeb\MVCPeoplePickerWeb.csproj", "{7B5A3E15-9997-4B4C-A894-35EF91DEDFA7}"
EndProject
Global
	GlobalSection(SolutionConfigurationPlatforms) = preSolution
		Debug|Any CPU = Debug|Any CPU
		Release|Any CPU = Release|Any CPU
	EndGlobalSection
	GlobalSection(ProjectConfigurationPlatforms) = postSolution
		{1AF4A455-045E-4C25-A4DB-C1A2D60F9514}.Debug|Any CPU.ActiveCfg = Debug|Any CPU
		{1AF4A455-045E-4C25-A4DB-C1A2D60F9514}.Debug|Any CPU.Build.0 = Debug|Any CPU
		{1AF4A455-045E-4C25-A4DB-C1A2D60F9514}.Debug|Any CPU.Deploy.0 = Debug|Any CPU
		{1AF4A455-045E-4C25-A4DB-C1A2D60F9514}.Release|Any CPU.ActiveCfg = Release|Any CPU
		{1AF4A455-045E-4C25-A4DB-C1A2D60F9514}.Release|Any CPU.Build.0 = Release|Any CPU
		{1AF4A455-045E-4C25-A4DB-C1A2D60F9514}.Release|Any CPU.Deploy.0 = Release|Any CPU
		{7B5A3E15-9997-4B4C-A894-35EF91DEDFA7}.Debug|Any CPU.ActiveCfg = Debug|Any CPU
		{7B5A3E15-9997-4B4C-A894-35EF91DEDFA7}.Debug|Any CPU.Build.0 = Debug|Any CPU
		{7B5A3E15-9997-4B4C-A894-35EF91DEDFA7}.Release|Any CPU.ActiveCfg = Release|Any CPU
		{7B5A3E15-9997-4B4C-A894-35EF91DEDFA7}.Release|Any CPU.Build.0 = Release|Any CPU
	EndGlobalSection
	GlobalSection(SolutionProperties) = preSolution
		HideSolutionNode = FALSE
	EndGlobalSection
EndGlobal
